
Microsoft Visual Studio Solution File, Format Version 12.00
# Visual Studio Version 17
VisualStudioVersion = 17.11.35312.102
MinimumVisualStudioVersion = 10.0.40219.1
Project("{FAE04EC0-301F-11D3-BF4B-00C04F79EFBC}") = "ConsoleBot", "ConsoleBot\ConsoleBot.csproj", "{1BDFB495-C10D-4E34-B767-866D9F16EAE7}"
EndProject
Global
	GlobalSection(SolutionConfigurationPlatforms) = preSolution
		Debug|Any CPU = Debug|Any CPU
		Release|Any CPU = Release|Any CPU
	EndGlobalSection
	GlobalSection(ProjectConfigurationPlatforms) = postSolution
		{1BDFB495-C10D-4E34-B767-866D9F16EAE7}.Debug|Any CPU.ActiveCfg = Debug|Any CPU
		{1BDFB495-C10D-4E34-B767-866D9F16EAE7}.Debug|Any CPU.Build.0 = Debug|Any CPU
		{1BDFB495-C10D-4E34-B767-866D9F16EAE7}.Release|Any CPU.ActiveCfg = Release|Any CPU
		{1BDFB495-C10D-4E34-B767-866D9F16EAE7}.Release|Any CPU.Build.0 = Release|Any CPU
	EndGlobalSection
	GlobalSection(SolutionProperties) = preSolution
		HideSolutionNode = FALSE
	EndGlobalSection
	GlobalSection(ExtensibilityGlobals) = postSolution
		SolutionGuid = {573108D3-95D2-4FFA-B67F-20830CCF0201}
	EndGlobalSection
EndGlobal
